Microsoft Visual Studio Solution File, Format Version 12.00
# Visual Studio Version 17
VisualStudioVersion = 17.5.2.0
MinimumVisualStudioVersion = 10.0.40219.1
Project("{2150E333-8FDC-42A3-9474-1A3956D46DE8}") = "01-SOLID", "01-SOLID", "{641E6925-220A-2248-0FF4-57E3ACC6FA26}"
EndProject
Project("{2150E333-8FDC-42A3-9474-1A3956D46DE8}") = "07-Example", "07-Example", "{323B9C22-2151-BBD9-2952-5B86C0763C43}"
EndProject
Project("{FAE04EC0-301F-11D3-BF4B-00C04F79EFBC}") = "Seta.Api", "01-SOLID\07-Example\Seta.Api\Seta.Api.csproj", "{89AB1856-A190-0ED5-509B-24A3E04B3B20}"
EndProject
Project("{FAE04EC0-301F-11D3-BF4B-00C04F79EFBC}") = "Seta.Application", "01-SOLID\07-Example\Seta.Application\Seta.Application.csproj", "{14D9C350-6A1B-73F5-69B6-A72D2FA61BE6}"
EndProject
Project("{FAE04EC0-301F-11D3-BF4B-00C04F79EFBC}") = "Seta.Domain", "01-SOLID\07-Example\Seta.Domain\Seta.Domain.csproj", "{7803C41C-7799-3F45-B8B7-0C341376C27D}"
EndProject
Project("{FAE04EC0-301F-11D3-BF4B-00C04F79EFBC}") = "Seta.Infrastructure", "01-SOLID\07-Example\Seta.Infrastructure\Seta.Infrastructure.csproj", "{AFC57F57-0FDF-57BD-AC0F-79701B22F77C}"
EndProject
Global
	GlobalSection(SolutionConfigurationPlatforms) = preSolution
		Debug|Any CPU = Debug|Any CPU
		Release|Any CPU = Release|Any CPU
	EndGlobalSection
	GlobalSection(ProjectConfigurationPlatforms) = postSolution
		{89AB1856-A190-0ED5-509B-24A3E04B3B20}.Debug|Any CPU.ActiveCfg = Debug|Any CPU
		{89AB1856-A190-0ED5-509B-24A3E04B3B20}.Debug|Any CPU.Build.0 = Debug|Any CPU
		{89AB1856-A190-0ED5-509B-24A3E04B3B20}.Release|Any CPU.ActiveCfg = Release|Any CPU
		{89AB1856-A190-0ED5-509B-24A3E04B3B20}.Release|Any CPU.Build.0 = Release|Any CPU
		{14D9C350-6A1B-73F5-69B6-A72D2FA61BE6}.Debug|Any CPU.ActiveCfg = Debug|Any CPU
		{14D9C350-6A1B-73F5-69B6-A72D2FA61BE6}.Debug|Any CPU.Build.0 = Debug|Any CPU
		{14D9C350-6A1B-73F5-69B6-A72D2FA61BE6}.Release|Any CPU.ActiveCfg = Release|Any CPU
		{14D9C350-6A1B-73F5-69B6-A72D2FA61BE6}.Release|Any CPU.Build.0 = Release|Any CPU
		{7803C41C-7799-3F45-B8B7-0C341376C27D}.Debug|Any CPU.ActiveCfg = Debug|Any CPU
		{7803C41C-7799-3F45-B8B7-0C341376C27D}.Debug|Any CPU.Build.0 = Debug|Any CPU
		{7803C41C-7799-3F45-B8B7-0C341376C27D}.Release|Any CPU.ActiveCfg = Release|Any CPU
		{7803C41C-7799-3F45-B8B7-0C341376C27D}.Release|Any CPU.Build.0 = Release|Any CPU
		{AFC57F57-0FDF-57BD-AC0F-79701B22F77C}.Debug|Any CPU.ActiveCfg = Debug|Any CPU
		{AFC57F57-0FDF-57BD-AC0F-79701B22F77C}.Debug|Any CPU.Build.0 = Debug|Any CPU
		{AFC57F57-0FDF-57BD-AC0F-79701B22F77C}.Release|Any CPU.ActiveCfg = Release|Any CPU
		{AFC57F57-0FDF-57BD-AC0F-79701B22F77C}.Release|Any CPU.Build.0 = Release|Any CPU
	EndGlobalSection
	GlobalSection(SolutionProperties) = preSolution
		HideSolutionNode = FALSE
	EndGlobalSection
	GlobalSection(NestedProjects) = preSolution
		{323B9C22-2151-BBD9-2952-5B86C0763C43} = {641E6925-220A-2248-0FF4-57E3ACC6FA26}
		{89AB1856-A190-0ED5-509B-24A3E04B3B20} = {323B9C22-2151-BBD9-2952-5B86C0763C43}
		{14D9C350-6A1B-73F5-69B6-A72D2FA61BE6} = {323B9C22-2151-BBD9-2952-5B86C0763C43}
		{7803C41C-7799-3F45-B8B7-0C341376C27D} = {323B9C22-2151-BBD9-2952-5B86C0763C43}
		{AFC57F57-0FDF-57BD-AC0F-79701B22F77C} = {323B9C22-2151-BBD9-2952-5B86C0763C43}
	EndGlobalSection
	GlobalSection(ExtensibilityGlobals) = postSolution
		SolutionGuid = {55C2152C-1AD3-40DC-A01C-C722281CCA0E}
	EndGlobalSection
EndGlobal
